
Microsoft Visual Studio Solution File, Format Version 12.00
# Visual Studio Version 17
VisualStudioVersion = 17.9.34728.123
MinimumVisualStudioVersion = 10.0.40219.1
Project("{FAE04EC0-301F-11D3-BF4B-00C04F79EFBC}") = "collections", "collections\collections.csproj", "{D67BC6DF-267C-4E99-81FC-08CC0B520660}"
EndProject
Global
	GlobalSection(SolutionConfigurationPlatforms) = preSolution
		Debug|Any CPU = Debug|Any CPU
		Release|Any CPU = Release|Any CPU
	EndGlobalSection
	GlobalSection(ProjectConfigurationPlatforms) = postSolution
		{D67BC6DF-267C-4E99-81FC-08CC0B520660}.Debug|Any CPU.ActiveCfg = Debug|Any CPU
		{D67BC6DF-267C-4E99-81FC-08CC0B520660}.Debug|Any CPU.Build.0 = Debug|Any CPU
		{D67BC6DF-267C-4E99-81FC-08CC0B520660}.Release|Any CPU.ActiveCfg = Release|Any CPU
		{D67BC6DF-267C-4E99-81FC-08CC0B520660}.Release|Any CPU.Build.0 = Release|Any CPU
	EndGlobalSection
	GlobalSection(SolutionProperties) = preSolution
		HideSolutionNode = FALSE
	EndGlobalSection
	GlobalSection(ExtensibilityGlobals) = postSolution
		SolutionGuid = {CFB821A6-9750-45C4-A444-CCA16D76BF90}
	EndGlobalSection
EndGlobal
