
Microsoft Visual Studio Solution File, Format Version 12.00
# Visual Studio Version 17
VisualStudioVersion = 17.9.34728.123
MinimumVisualStudioVersion = 10.0.40219.1
Project("{FAE04EC0-301F-11D3-BF4B-00C04F79EFBC}") = "methoduygulama1", "methoduygulama1\methoduygulama1.csproj", "{B9B37722-4614-4BFB-AC24-6DF72D6544C9}"
EndProject
Global
	GlobalSection(SolutionConfigurationPlatforms) = preSolution
		Debug|Any CPU = Debug|Any CPU
		Release|Any CPU = Release|Any CPU
	EndGlobalSection
	GlobalSection(ProjectConfigurationPlatforms) = postSolution
		{B9B37722-4614-4BFB-AC24-6DF72D6544C9}.Debug|Any CPU.ActiveCfg = Debug|Any CPU
		{B9B37722-4614-4BFB-AC24-6DF72D6544C9}.Debug|Any CPU.Build.0 = Debug|Any CPU
		{B9B37722-4614-4BFB-AC24-6DF72D6544C9}.Release|Any CPU.ActiveCfg = Release|Any CPU
		{B9B37722-4614-4BFB-AC24-6DF72D6544C9}.Release|Any CPU.Build.0 = Release|Any CPU
	EndGlobalSection
	GlobalSection(SolutionProperties) = preSolution
		HideSolutionNode = FALSE
	EndGlobalSection
	GlobalSection(ExtensibilityGlobals) = postSolution
		SolutionGuid = {7C5458AA-1474-4C9A-857D-942F181927C7}
	EndGlobalSection
EndGlobal
