
Microsoft Visual Studio Solution File, Format Version 12.00
# Visual Studio Version 17
VisualStudioVersion = 17.9.34728.123
MinimumVisualStudioVersion = 10.0.40219.1
Project("{FAE04EC0-301F-11D3-BF4B-00C04F79EFBC}") = "staticMehods", "staticMehods\staticMehods.csproj", "{998B21B4-6669-463C-B348-5F0D0CB01024}"
EndProject
Global
	GlobalSection(SolutionConfigurationPlatforms) = preSolution
		Debug|Any CPU = Debug|Any CPU
		Release|Any CPU = Release|Any CPU
	EndGlobalSection
	GlobalSection(ProjectConfigurationPlatforms) = postSolution
		{998B21B4-6669-463C-B348-5F0D0CB01024}.Debug|Any CPU.ActiveCfg = Debug|Any CPU
		{998B21B4-6669-463C-B348-5F0D0CB01024}.Debug|Any CPU.Build.0 = Debug|Any CPU
		{998B21B4-6669-463C-B348-5F0D0CB01024}.Release|Any CPU.ActiveCfg = Release|Any CPU
		{998B21B4-6669-463C-B348-5F0D0CB01024}.Release|Any CPU.Build.0 = Release|Any CPU
	EndGlobalSection
	GlobalSection(SolutionProperties) = preSolution
		HideSolutionNode = FALSE
	EndGlobalSection
	GlobalSection(ExtensibilityGlobals) = postSolution
		SolutionGuid = {E711D9FB-D0BD-43F5-A741-57D58C228B10}
	EndGlobalSection
EndGlobal
