
Microsoft Visual Studio Solution File, Format Version 12.00
# Visual Studio Version 17
VisualStudioVersion = 17.9.34728.123
MinimumVisualStudioVersion = 10.0.40219.1
Project("{FAE04EC0-301F-11D3-BF4B-00C04F79EFBC}") = "csharooop", "csharooop\csharooop.csproj", "{995806DE-2877-4106-8075-EFF237BAEFEB}"
EndProject
Global
	GlobalSection(SolutionConfigurationPlatforms) = preSolution
		Debug|Any CPU = Debug|Any CPU
		Release|Any CPU = Release|Any CPU
	EndGlobalSection
	GlobalSection(ProjectConfigurationPlatforms) = postSolution
		{995806DE-2877-4106-8075-EFF237BAEFEB}.Debug|Any CPU.ActiveCfg = Debug|Any CPU
		{995806DE-2877-4106-8075-EFF237BAEFEB}.Debug|Any CPU.Build.0 = Debug|Any CPU
		{995806DE-2877-4106-8075-EFF237BAEFEB}.Release|Any CPU.ActiveCfg = Release|Any CPU
		{995806DE-2877-4106-8075-EFF237BAEFEB}.Release|Any CPU.Build.0 = Release|Any CPU
	EndGlobalSection
	GlobalSection(SolutionProperties) = preSolution
		HideSolutionNode = FALSE
	EndGlobalSection
	GlobalSection(ExtensibilityGlobals) = postSolution
		SolutionGuid = {4C044CA3-7FD4-4294-9B50-DF65A11270CC}
	EndGlobalSection
EndGlobal
