
Microsoft Visual Studio Solution File, Format Version 12.00
# Visual Studio Version 17
VisualStudioVersion = 17.9.34728.123
MinimumVisualStudioVersion = 10.0.40219.1
Project("{FAE04EC0-301F-11D3-BF4B-00C04F79EFBC}") = "consoleApp", "consoleApp\consoleApp.csproj", "{9738A72F-0218-41D9-B95B-B07E1A43F211}"
EndProject
Global
	GlobalSection(SolutionConfigurationPlatforms) = preSolution
		Debug|Any CPU = Debug|Any CPU
		Release|Any CPU = Release|Any CPU
	EndGlobalSection
	GlobalSection(ProjectConfigurationPlatforms) = postSolution
		{9738A72F-0218-41D9-B95B-B07E1A43F211}.Debug|Any CPU.ActiveCfg = Debug|Any CPU
		{9738A72F-0218-41D9-B95B-B07E1A43F211}.Debug|Any CPU.Build.0 = Debug|Any CPU
		{9738A72F-0218-41D9-B95B-B07E1A43F211}.Release|Any CPU.ActiveCfg = Release|Any CPU
		{9738A72F-0218-41D9-B95B-B07E1A43F211}.Release|Any CPU.Build.0 = Release|Any CPU
	EndGlobalSection
	GlobalSection(SolutionProperties) = preSolution
		HideSolutionNode = FALSE
	EndGlobalSection
	GlobalSection(ExtensibilityGlobals) = postSolution
		SolutionGuid = {9A66D9C8-DDCD-4AF0-A298-5450A4790BB6}
	EndGlobalSection
EndGlobal
